// !$*UTF8*$!
{
	archiveVersion = 1;
	classes = {
	};
	objectVersion = 56;
	objects = {

/* Begin PBXBuildFile section */
		970A08A62C85A79400BFCF59 /* Utils.swift in Sources */ = {isa = PBXBuildFile; fileRef = 970A08A52C85A79400BFCF59 /* Utils.swift */; };
		971102742C516E0300A649F3 /* BleepleApp.swift in Sources */ = {isa = PBXBuildFile; fileRef = 971102732C516E0300A649F3 /* BleepleApp.swift */; };
		971102762C516E0300A649F3 /* MainView.swift in Sources */ = {isa = PBXBuildFile; fileRef = 971102752C516E0300A649F3 /* MainView.swift */; };
		971102782C516E0400A649F3 /* Assets.xcassets in Resources */ = {isa = PBXBuildFile; fileRef = 971102772C516E0400A649F3 /* Assets.xcassets */; };
		9711027C2C516E0400A649F3 /* Preview Assets.xcassets in Resources */ = {isa = PBXBuildFile; fileRef = 9711027B2C516E0400A649F3 /* Preview Assets.xcassets */; };
		971102A72C5170C300A649F3 /* AudioEngine.swift in Sources */ = {isa = PBXBuildFile; fileRef = 971102A62C5170C300A649F3 /* AudioEngine.swift */; };
		973109F82C7B9AB9000BFE99 /* Knob.swift in Sources */ = {isa = PBXBuildFile; fileRef = 973109F72C7B9AB9000BFE99 /* Knob.swift */; };
		9796B3CA2C72012300E17C6A /* Constants.swift in Sources */ = {isa = PBXBuildFile; fileRef = 9796B3C92C72012300E17C6A /* Constants.swift */; };
		97AA01E32C712BD400AD80B0 /* MainViewModelTests.swift in Sources */ = {isa = PBXBuildFile; fileRef = 97AA01E22C712BD400AD80B0 /* MainViewModelTests.swift */; };
		97B4E0C42C78DAB2008791DF /* libcp3_dsp.a in Frameworks */ = {isa = PBXBuildFile; fileRef = 97B4E0C32C78DAB2008791DF /* libcp3_dsp.a */; };
		97C1F6D72C6E7F62007A2687 /* XYPad.swift in Sources */ = {isa = PBXBuildFile; fileRef = 97C1F6D62C6E7F62007A2687 /* XYPad.swift */; };
		97C2BD312C73204500EE05C8 /* TapGrid.swift in Sources */ = {isa = PBXBuildFile; fileRef = 97C2BD302C73204500EE05C8 /* TapGrid.swift */; };
		97C2BD372C738A7500EE05C8 /* CP3Music in Frameworks */ = {isa = PBXBuildFile; productRef = 97C2BD362C738A7500EE05C8 /* CP3Music */; };
		97C2BD3C2C748C8800EE05C8 /* EventView.swift in Sources */ = {isa = PBXBuildFile; fileRef = 97C2BD3B2C748C8800EE05C8 /* EventView.swift */; };
		97CA19FE2C648A9C006BD4E8 /* ViewModel.swift in Sources */ = {isa = PBXBuildFile; fileRef = 97CA19FD2C648A9C006BD4E8 /* ViewModel.swift */; };
		97CA1A002C648C9B006BD4E8 /* EnvironmentValues.swift in Sources */ = {isa = PBXBuildFile; fileRef = 97CA19FF2C648C9B006BD4E8 /* EnvironmentValues.swift */; };
		97CA1A062C648EBB006BD4E8 /* Event.swift in Sources */ = {isa = PBXBuildFile; fileRef = 97CA1A052C648EBB006BD4E8 /* Event.swift */; };
		97CA1A082C649423006BD4E8 /* PianoRoll.swift in Sources */ = {isa = PBXBuildFile; fileRef = 97CA1A072C649423006BD4E8 /* PianoRoll.swift */; };
/* End PBXBuildFile section */

/* Begin PBXContainerItemProxy section */
		971102822C516E0500A649F3 /* PBXContainerItemProxy */ = {
			isa = PBXContainerItemProxy;
			containerPortal = 971102682C516E0300A649F3 /* Project object */;
			proxyType = 1;
			remoteGlobalIDString = 9711026F2C516E0300A649F3;
			remoteInfo = Bleeple;
		};
/* End PBXContainerItemProxy section */

/* Begin PBXFileReference section */
		970A08A52C85A79400BFCF59 /* Utils.swift */ = {isa = PBXFileReference; lastKnownFileType = sourcecode.swift; path = Utils.swift; sourceTree = "<group>"; };
		971102702C516E0300A649F3 /* Bleeple.app */ = {isa = PBXFileReference; explicitFileType = wrapper.application; includeInIndex = 0; path = Bleeple.app; sourceTree = BUILT_PRODUCTS_DIR; };
		971102732C516E0300A649F3 /* BleepleApp.swift */ = {isa = PBXFileReference; lastKnownFileType = sourcecode.swift; path = BleepleApp.swift; sourceTree = "<group>"; };
		971102752C516E0300A649F3 /* MainView.swift */ = {isa = PBXFileReference; lastKnownFileType = sourcecode.swift; path = MainView.swift; sourceTree = "<group>"; };
		971102772C516E0400A649F3 /* Assets.xcassets */ = {isa = PBXFileReference; lastKnownFileType = folder.assetcatalog; path = Assets.xcassets; sourceTree = "<group>"; };
		971102792C516E0400A649F3 /* Bleeple.entitlements */ = {isa = PBXFileReference; lastKnownFileType = text.plist.entitlements; path = Bleeple.entitlements; sourceTree = "<group>"; };
		9711027B2C516E0400A649F3 /* Preview Assets.xcassets */ = {isa = PBXFileReference; lastKnownFileType = folder.assetcatalog; path = "Preview Assets.xcassets"; sourceTree = "<group>"; };
		971102812C516E0500A649F3 /* BleepleTests.xctest */ = {isa = PBXFileReference; explicitFileType = wrapper.cfbundle; includeInIndex = 0; path = BleepleTests.xctest; sourceTree = BUILT_PRODUCTS_DIR; };
		971102A22C51707400A649F3 /* Bleeple-Bridging-Header.h */ = {isa = PBXFileReference; lastKnownFileType = sourcecode.c.h; path = "Bleeple-Bridging-Header.h"; sourceTree = "<group>"; };
		971102A62C5170C300A649F3 /* AudioEngine.swift */ = {isa = PBXFileReference; lastKnownFileType = sourcecode.swift; path = AudioEngine.swift; sourceTree = "<group>"; };
		973109F72C7B9AB9000BFE99 /* Knob.swift */ = {isa = PBXFileReference; lastKnownFileType = sourcecode.swift; path = Knob.swift; sourceTree = "<group>"; };
		973E7E8A2C6C90DF0004ECCB /* libcp3_dsp.a */ = {isa = PBXFileReference; lastKnownFileType = archive.ar; name = libcp3_dsp.a; path = target/debug/libcp3_dsp.a; sourceTree = "<group>"; };
		9796B3C92C72012300E17C6A /* Constants.swift */ = {isa = PBXFileReference; lastKnownFileType = sourcecode.swift; path = Constants.swift; sourceTree = "<group>"; };
		97AA01E22C712BD400AD80B0 /* MainViewModelTests.swift */ = {isa = PBXFileReference; lastKnownFileType = sourcecode.swift; path = MainViewModelTests.swift; sourceTree = "<group>"; };
		97B4E0C22C78D9BC008791DF /* cp3_dsp.h */ = {isa = PBXFileReference; lastKnownFileType = sourcecode.c.h; name = cp3_dsp.h; path = cp3_dsp/cp3_dsp.h; sourceTree = SOURCE_ROOT; };
		97B4E0C32C78DAB2008791DF /* libcp3_dsp.a */ = {isa = PBXFileReference; lastKnownFileType = archive.ar; name = libcp3_dsp.a; path = target/release/libcp3_dsp.a; sourceTree = "<group>"; };
		97C1F6D62C6E7F62007A2687 /* XYPad.swift */ = {isa = PBXFileReference; lastKnownFileType = sourcecode.swift; path = XYPad.swift; sourceTree = "<group>"; };
		97C2BD302C73204500EE05C8 /* TapGrid.swift */ = {isa = PBXFileReference; lastKnownFileType = sourcecode.swift; path = TapGrid.swift; sourceTree = "<group>"; };
		97C2BD3B2C748C8800EE05C8 /* EventView.swift */ = {isa = PBXFileReference; lastKnownFileType = sourcecode.swift; path = EventView.swift; sourceTree = "<group>"; };
		97CA19FD2C648A9C006BD4E8 /* ViewModel.swift */ = {isa = PBXFileReference; lastKnownFileType = sourcecode.swift; path = ViewModel.swift; sourceTree = "<group>"; };
		97CA19FF2C648C9B006BD4E8 /* EnvironmentValues.swift */ = {isa = PBXFileReference; lastKnownFileType = sourcecode.swift; path = EnvironmentValues.swift; sourceTree = "<group>"; };
		97CA1A052C648EBB006BD4E8 /* Event.swift */ = {isa = PBXFileReference; lastKnownFileType = sourcecode.swift; path = Event.swift; sourceTree = "<group>"; };
		97CA1A072C649423006BD4E8 /* PianoRoll.swift */ = {isa = PBXFileReference; indentWidth = 3; lastKnownFileType = sourcecode.swift; path = PianoRoll.swift; sourceTree = "<group>"; };
/* End PBXFileReference section */

/* Begin PBXFrameworksBuildPhase section */
		9711026D2C516E0300A649F3 /* Frameworks */ = {
			isa = PBXFrameworksBuildPhase;
			buildActionMask = 2147483647;
			files = (
				97B4E0C42C78DAB2008791DF /* libcp3_dsp.a in Frameworks */,
				97C2BD372C738A7500EE05C8 /* CP3Music in Frameworks */,
			);
			runOnlyForDeploymentPostprocessing = 0;
		};
		9711027E2C516E0500A649F3 /* Frameworks */ = {
			isa = PBXFrameworksBuildPhase;
			buildActionMask = 2147483647;
			files = (
			);
			runOnlyForDeploymentPostprocessing = 0;
		};
/* End PBXFrameworksBuildPhase section */

/* Begin PBXGroup section */
		971102672C516E0300A649F3 = {
			isa = PBXGroup;
			children = (
				971102722C516E0300A649F3 /* Bleeple */,
				971102842C516E0500A649F3 /* BleepleTests */,
				971102712C516E0300A649F3 /* Products */,
				9711029E2C516F1C00A649F3 /* Frameworks */,
			);
			sourceTree = "<group>";
		};
		971102712C516E0300A649F3 /* Products */ = {
			isa = PBXGroup;
			children = (
				971102702C516E0300A649F3 /* Bleeple.app */,
				971102812C516E0500A649F3 /* BleepleTests.xctest */,
			);
			name = Products;
			sourceTree = "<group>";
		};
		971102722C516E0300A649F3 /* Bleeple */ = {
			isa = PBXGroup;
			children = (
				97C2BD3A2C73906700EE05C8 /* Models */,
				97C2BD382C738FD000EE05C8 /* Main */,
				971102732C516E0300A649F3 /* BleepleApp.swift */,
				9796B3C92C72012300E17C6A /* Constants.swift */,
				970A08A52C85A79400BFCF59 /* Utils.swift */,
				971102A62C5170C300A649F3 /* AudioEngine.swift */,
				97CA19FF2C648C9B006BD4E8 /* EnvironmentValues.swift */,
				97B4E0C22C78D9BC008791DF /* cp3_dsp.h */,
				971102772C516E0400A649F3 /* Assets.xcassets */,
				971102792C516E0400A649F3 /* Bleeple.entitlements */,
				9711027A2C516E0400A649F3 /* Preview Content */,
				971102A22C51707400A649F3 /* Bleeple-Bridging-Header.h */,
			);
			path = Bleeple;
			sourceTree = "<group>";
		};
		9711027A2C516E0400A649F3 /* Preview Content */ = {
			isa = PBXGroup;
			children = (
				9711027B2C516E0400A649F3 /* Preview Assets.xcassets */,
			);
			path = "Preview Content";
			sourceTree = "<group>";
		};
		971102842C516E0500A649F3 /* BleepleTests */ = {
			isa = PBXGroup;
			children = (
				97AA01E22C712BD400AD80B0 /* MainViewModelTests.swift */,
			);
			path = BleepleTests;
			sourceTree = "<group>";
		};
		9711029E2C516F1C00A649F3 /* Frameworks */ = {
			isa = PBXGroup;
			children = (
				97B4E0C32C78DAB2008791DF /* libcp3_dsp.a */,
				973E7E8A2C6C90DF0004ECCB /* libcp3_dsp.a */,
			);
			name = Frameworks;
			sourceTree = "<group>";
		};
		9751F1E02C74FD54000A20A4 /* PianoRoll */ = {
			isa = PBXGroup;
			children = (
				97CA1A072C649423006BD4E8 /* PianoRoll.swift */,
				97C2BD3B2C748C8800EE05C8 /* EventView.swift */,
			);
			path = PianoRoll;
			sourceTree = "<group>";
		};
		9751F1E22C74FD7C000A20A4 /* Grid */ = {
			isa = PBXGroup;
			children = (
				97C2BD302C73204500EE05C8 /* TapGrid.swift */,
			);
			path = Grid;
			sourceTree = "<group>";
		};
		97C2BD382C738FD000EE05C8 /* Main */ = {
			isa = PBXGroup;
			children = (
				9751F1E02C74FD54000A20A4 /* PianoRoll */,
				9751F1E22C74FD7C000A20A4 /* Grid */,
				97C2BD392C73905300EE05C8 /* XY */,
				97CA19FD2C648A9C006BD4E8 /* ViewModel.swift */,
				971102752C516E0300A649F3 /* MainView.swift */,
				973109F72C7B9AB9000BFE99 /* Knob.swift */,
			);
			path = Main;
			sourceTree = "<group>";
		};
		97C2BD392C73905300EE05C8 /* XY */ = {
			isa = PBXGroup;
			children = (
				97C1F6D62C6E7F62007A2687 /* XYPad.swift */,
			);
			path = XY;
			sourceTree = "<group>";
		};
		97C2BD3A2C73906700EE05C8 /* Models */ = {
			isa = PBXGroup;
			children = (
				97CA1A052C648EBB006BD4E8 /* Event.swift */,
			);
			path = Models;
			sourceTree = "<group>";
		};
/* End PBXGroup section */

/* Begin PBXNativeTarget section */
		9711026F2C516E0300A649F3 /* Bleeple */ = {
			isa = PBXNativeTarget;
			buildConfigurationList = 971102952C516E0500A649F3 /* Build configuration list for PBXNativeTarget "Bleeple" */;
			buildPhases = (
				97B4E0C52C7B8CEF008791DF /* build Rust library */,
				9711026C2C516E0300A649F3 /* Sources */,
				9711026D2C516E0300A649F3 /* Frameworks */,
				9711026E2C516E0300A649F3 /* Resources */,
			);
			buildRules = (
			);
			dependencies = (
			);
			name = Bleeple;
			packageProductDependencies = (
				97C2BD362C738A7500EE05C8 /* CP3Music */,
			);
			productName = Bleeple;
			productReference = 971102702C516E0300A649F3 /* Bleeple.app */;
			productType = "com.apple.product-type.application";
		};
		971102802C516E0500A649F3 /* BleepleTests */ = {
			isa = PBXNativeTarget;
			buildConfigurationList = 971102982C516E0500A649F3 /* Build configuration list for PBXNativeTarget "BleepleTests" */;
			buildPhases = (
				9711027D2C516E0500A649F3 /* Sources */,
				9711027E2C516E0500A649F3 /* Frameworks */,
				9711027F2C516E0500A649F3 /* Resources */,
			);
			buildRules = (
			);
			dependencies = (
				971102832C516E0500A649F3 /* PBXTargetDependency */,
			);
			name = BleepleTests;
			productName = BleepleTests;
			productReference = 971102812C516E0500A649F3 /* BleepleTests.xctest */;
			productType = "com.apple.product-type.bundle.unit-test";
		};
/* End PBXNativeTarget section */

/* Begin PBXProject section */
		971102682C516E0300A649F3 /* Project object */ = {
			isa = PBXProject;
			attributes = {
				BuildIndependentTargetsInParallel = 1;
				LastSwiftUpdateCheck = 1540;
				LastUpgradeCheck = 1540;
				TargetAttributes = {
					9711026F2C516E0300A649F3 = {
						CreatedOnToolsVersion = 15.4;
						LastSwiftMigration = 1540;
					};
					971102802C516E0500A649F3 = {
						CreatedOnToolsVersion = 15.4;
						TestTargetID = 9711026F2C516E0300A649F3;
					};
				};
			};
			buildConfigurationList = 9711026B2C516E0300A649F3 /* Build configuration list for PBXProject "Bleeple" */;
			compatibilityVersion = "Xcode 14.0";
			developmentRegion = en;
			hasScannedForEncodings = 0;
			knownRegions = (
				en,
				Base,
			);
			mainGroup = 971102672C516E0300A649F3;
			packageReferences = (
				97C2BD352C738A7500EE05C8 /* XCRemoteSwiftPackageReference "CP3Music" */,
			);
			productRefGroup = 971102712C516E0300A649F3 /* Products */;
			projectDirPath = "";
			projectRoot = "";
			targets = (
				9711026F2C516E0300A649F3 /* Bleeple */,
				971102802C516E0500A649F3 /* BleepleTests */,
			);
		};
/* End PBXProject section */

/* Begin PBXResourcesBuildPhase section */
		9711026E2C516E0300A649F3 /* Resources */ = {
			isa = PBXResourcesBuildPhase;
			buildActionMask = 2147483647;
			files = (
				9711027C2C516E0400A649F3 /* Preview Assets.xcassets in Resources */,
				971102782C516E0400A649F3 /* Assets.xcassets in Resources */,
			);
			runOnlyForDeploymentPostprocessing = 0;
		};
		9711027F2C516E0500A649F3 /* Resources */ = {
			isa = PBXResourcesBuildPhase;
			buildActionMask = 2147483647;
			files = (
			);
			runOnlyForDeploymentPostprocessing = 0;
		};
/* End PBXResourcesBuildPhase section */

/* Begin PBXShellScriptBuildPhase section */
		97B4E0C52C7B8CEF008791DF /* build Rust library */ = {
			isa = PBXShellScriptBuildPhase;
			alwaysOutOfDate = 1;
			buildActionMask = 2147483647;
			files = (
			);
			inputFileListPaths = (
			);
			inputPaths = (
			);
			name = "build Rust library";
			outputFileListPaths = (
			);
			outputPaths = (
			);
			runOnlyForDeploymentPostprocessing = 0;
			shellPath = /bin/sh;
			shellScript = "zsh /${PROJECT_DIR}/bin/compile-library.sh cp3_dsp $buildvariant\n";
		};
/* End PBXShellScriptBuildPhase section */

/* Begin PBXSourcesBuildPhase section */
		9711026C2C516E0300A649F3 /* Sources */ = {
			isa = PBXSourcesBuildPhase;
			buildActionMask = 2147483647;
			files = (
				97CA1A062C648EBB006BD4E8 /* Event.swift in Sources */,
				9796B3CA2C72012300E17C6A /* Constants.swift in Sources */,
				971102A72C5170C300A649F3 /* AudioEngine.swift in Sources */,
				97C2BD3C2C748C8800EE05C8 /* EventView.swift in Sources */,
				97CA1A002C648C9B006BD4E8 /* EnvironmentValues.swift in Sources */,
				970A08A62C85A79400BFCF59 /* Utils.swift in Sources */,
				971102762C516E0300A649F3 /* MainView.swift in Sources */,
				971102742C516E0300A649F3 /* BleepleApp.swift in Sources */,
				97CA19FE2C648A9C006BD4E8 /* ViewModel.swift in Sources */,
				97C2BD312C73204500EE05C8 /* TapGrid.swift in Sources */,
				97C1F6D72C6E7F62007A2687 /* XYPad.swift in Sources */,
				97CA1A082C649423006BD4E8 /* PianoRoll.swift in Sources */,
				973109F82C7B9AB9000BFE99 /* Knob.swift in Sources */,
			);
			runOnlyForDeploymentPostprocessing = 0;
		};
		9711027D2C516E0500A649F3 /* Sources */ = {
			isa = PBXSourcesBuildPhase;
			buildActionMask = 2147483647;
			files = (
				97AA01E32C712BD400AD80B0 /* MainViewModelTests.swift in Sources */,
			);
			runOnlyForDeploymentPostprocessing = 0;
		};
/* End PBXSourcesBuildPhase section */

/* Begin PBXTargetDependency section */
		971102832C516E0500A649F3 /* PBXTargetDependency */ = {
			isa = PBXTargetDependency;
			target = 9711026F2C516E0300A649F3 /* Bleeple */;
			targetProxy = 971102822C516E0500A649F3 /* PBXContainerItemProxy */;
		};
/* End PBXTargetDependency section */

/* Begin XCBuildConfiguration section */
		971102932C516E0500A649F3 /* Debug */ = {
			isa = XCBuildConfiguration;
			buildSettings = {
				ALWAYS_SEARCH_USER_PATHS = NO;
				ASSETCATALOG_COMPILER_GENERATE_SWIFT_ASSET_SYMBOL_EXTENSIONS = YES;
				CLANG_ANALYZER_NONNULL = YES;
				CLANG_ANALYZER_NUMBER_OBJECT_CONVERSION = YES_AGGRESSIVE;
				CLANG_CXX_LANGUAGE_STANDARD = "gnu++20";
				CLANG_ENABLE_MODULES = YES;
				CLANG_ENABLE_OBJC_ARC = YES;
				CLANG_ENABLE_OBJC_WEAK = YES;
				CLANG_WARN_BLOCK_CAPTURE_AUTORELEASING = YES;
				CLANG_WARN_BOOL_CONVERSION = YES;
				CLANG_WARN_COMMA = YES;
				CLANG_WARN_CONSTANT_CONVERSION = YES;
				CLANG_WARN_DEPRECATED_OBJC_IMPLEMENTATIONS = YES;
				CLANG_WARN_DIRECT_OBJC_ISA_USAGE = YES_ERROR;
				CLANG_WARN_DOCUMENTATION_COMMENTS = YES;
				CLANG_WARN_EMPTY_BODY = YES;
				CLANG_WARN_ENUM_CONVERSION = YES;
				CLANG_WARN_INFINITE_RECURSION = YES;
				CLANG_WARN_INT_CONVERSION = YES;
				CLANG_WARN_NON_LITERAL_NULL_CONVERSION = YES;
				CLANG_WARN_OBJC_IMPLICIT_RETAIN_SELF = YES;
				CLANG_WARN_OBJC_LITERAL_CONVERSION = YES;
				CLANG_WARN_OBJC_ROOT_CLASS = YES_ERROR;
				CLANG_WARN_QUOTED_INCLUDE_IN_FRAMEWORK_HEADER = YES;
				CLANG_WARN_RANGE_LOOP_ANALYSIS = YES;
				CLANG_WARN_STRICT_PROTOTYPES = YES;
				CLANG_WARN_SUSPICIOUS_MOVE = YES;
				CLANG_WARN_UNGUARDED_AVAILABILITY = YES_AGGRESSIVE;
				CLANG_WARN_UNREACHABLE_CODE = YES;
				CLANG_WARN__DUPLICATE_METHOD_MATCH = YES;
				COPY_PHASE_STRIP = NO;
				DEBUG_INFORMATION_FORMAT = dwarf;
				ENABLE_STRICT_OBJC_MSGSEND = YES;
				ENABLE_TESTABILITY = YES;
				ENABLE_USER_SCRIPT_SANDBOXING = YES;
				GCC_C_LANGUAGE_STANDARD = gnu17;
				GCC_DYNAMIC_NO_PIC = NO;
				GCC_NO_COMMON_BLOCKS = YES;
				GCC_OPTIMIZATION_LEVEL = 0;
				GCC_PREPROCESSOR_DEFINITIONS = (
					"DEBUG=1",
					"$(inherited)",
				);
				GCC_WARN_64_TO_32_BIT_CONVERSION = YES;
				GCC_WARN_ABOUT_RETURN_TYPE = YES_ERROR;
				GCC_WARN_UNDECLARED_SELECTOR = YES;
				GCC_WARN_UNINITIALIZED_AUTOS = YES_AGGRESSIVE;
				GCC_WARN_UNUSED_FUNCTION = YES;
				GCC_WARN_UNUSED_VARIABLE = YES;
				LOCALIZATION_PREFERS_STRING_CATALOGS = YES;
				MTL_ENABLE_DEBUG_INFO = INCLUDE_SOURCE;
				MTL_FAST_MATH = YES;
				ONLY_ACTIVE_ARCH = YES;
				SWIFT_ACTIVE_COMPILATION_CONDITIONS = "DEBUG $(inherited)";
				SWIFT_OPTIMIZATION_LEVEL = "-Onone";
			};
			name = Debug;
		};
		971102942C516E0500A649F3 /* Release */ = {
			isa = XCBuildConfiguration;
			buildSettings = {
				ALWAYS_SEARCH_USER_PATHS = NO;
				ASSETCATALOG_COMPILER_GENERATE_SWIFT_ASSET_SYMBOL_EXTENSIONS = YES;
				CLANG_ANALYZER_NONNULL = YES;
				CLANG_ANALYZER_NUMBER_OBJECT_CONVERSION = YES_AGGRESSIVE;
				CLANG_CXX_LANGUAGE_STANDARD = "gnu++20";
				CLANG_ENABLE_MODULES = YES;
				CLANG_ENABLE_OBJC_ARC = YES;
				CLANG_ENABLE_OBJC_WEAK = YES;
				CLANG_WARN_BLOCK_CAPTURE_AUTORELEASING = YES;
				CLANG_WARN_BOOL_CONVERSION = YES;
				CLANG_WARN_COMMA = YES;
				CLANG_WARN_CONSTANT_CONVERSION = YES;
				CLANG_WARN_DEPRECATED_OBJC_IMPLEMENTATIONS = YES;
				CLANG_WARN_DIRECT_OBJC_ISA_USAGE = YES_ERROR;
				CLANG_WARN_DOCUMENTATION_COMMENTS = YES;
				CLANG_WARN_EMPTY_BODY = YES;
				CLANG_WARN_ENUM_CONVERSION = YES;
				CLANG_WARN_INFINITE_RECURSION = YES;
				CLANG_WARN_INT_CONVERSION = YES;
				CLANG_WARN_NON_LITERAL_NULL_CONVERSION = YES;
				CLANG_WARN_OBJC_IMPLICIT_RETAIN_SELF = YES;
				CLANG_WARN_OBJC_LITERAL_CONVERSION = YES;
				CLANG_WARN_OBJC_ROOT_CLASS = YES_ERROR;
				CLANG_WARN_QUOTED_INCLUDE_IN_FRAMEWORK_HEADER = YES;
				CLANG_WARN_RANGE_LOOP_ANALYSIS = YES;
				CLANG_WARN_STRICT_PROTOTYPES = YES;
				CLANG_WARN_SUSPICIOUS_MOVE = YES;
				CLANG_WARN_UNGUARDED_AVAILABILITY = YES_AGGRESSIVE;
				CLANG_WARN_UNREACHABLE_CODE = YES;
				CLANG_WARN__DUPLICATE_METHOD_MATCH = YES;
				COPY_PHASE_STRIP = NO;
				DEBUG_INFORMATION_FORMAT = "dwarf-with-dsym";
				ENABLE_NS_ASSERTIONS = NO;
				ENABLE_STRICT_OBJC_MSGSEND = YES;
				ENABLE_USER_SCRIPT_SANDBOXING = YES;
				GCC_C_LANGUAGE_STANDARD = gnu17;
				GCC_NO_COMMON_BLOCKS = YES;
				GCC_WARN_64_TO_32_BIT_CONVERSION = YES;
				GCC_WARN_ABOUT_RETURN_TYPE = YES_ERROR;
				GCC_WARN_UNDECLARED_SELECTOR = YES;
				GCC_WARN_UNINITIALIZED_AUTOS = YES_AGGRESSIVE;
				GCC_WARN_UNUSED_FUNCTION = YES;
				GCC_WARN_UNUSED_VARIABLE = YES;
				LOCALIZATION_PREFERS_STRING_CATALOGS = YES;
				MTL_ENABLE_DEBUG_INFO = NO;
				MTL_FAST_MATH = YES;
				SWIFT_COMPILATION_MODE = wholemodule;
			};
			name = Release;
		};
		971102962C516E0500A649F3 /* Debug */ = {
			isa = XCBuildConfiguration;
			buildSettings = {
				ASSETCATALOG_COMPILER_APPICON_NAME = AppIcon;
				ASSETCATALOG_COMPILER_GLOBAL_ACCENT_COLOR_NAME = AccentColor;
				CLANG_ENABLE_MODULES = YES;
				CODE_SIGN_ENTITLEMENTS = Bleeple/Bleeple.entitlements;
				CODE_SIGN_STYLE = Automatic;
				CURRENT_PROJECT_VERSION = 1;
				DEVELOPMENT_ASSET_PATHS = "\"Bleeple/Preview Content\"";
				DEVELOPMENT_TEAM = 5GWBH83EBX;
				ENABLE_HARDENED_RUNTIME = YES;
				ENABLE_PREVIEWS = YES;
				ENABLE_USER_SCRIPT_SANDBOXING = NO;
				GENERATE_INFOPLIST_FILE = YES;
				"INFOPLIST_KEY_UIApplicationSceneManifest_Generation[sdk=iphoneos*]" = YES;
				"INFOPLIST_KEY_UIApplicationSceneManifest_Generation[sdk=iphonesimulator*]" = YES;
				"INFOPLIST_KEY_UIApplicationSupportsIndirectInputEvents[sdk=iphoneos*]" = YES;
				"INFOPLIST_KEY_UIApplicationSupportsIndirectInputEvents[sdk=iphonesimulator*]" = YES;
				"INFOPLIST_KEY_UILaunchScreen_Generation[sdk=iphoneos*]" = YES;
				"INFOPLIST_KEY_UILaunchScreen_Generation[sdk=iphonesimulator*]" = YES;
				"INFOPLIST_KEY_UIStatusBarStyle[sdk=iphoneos*]" = UIStatusBarStyleDefault;
				"INFOPLIST_KEY_UIStatusBarStyle[sdk=iphonesimulator*]" = UIStatusBarStyleDefault;
				INFOPLIST_KEY_UISupportedInterfaceOrientations_iPad = "UIInterfaceOrientationPortrait UIInterfaceOrientationPortraitUpsideDown UIInterfaceOrientationLandscapeLeft UIInterfaceOrientationLandscapeRight";
				INFOPLIST_KEY_UISupportedInterfaceOrientations_iPhone = "UIInterfaceOrientationPortrait UIInterfaceOrientationLandscapeLeft UIInterfaceOrientationLandscapeRight";
				IPHONEOS_DEPLOYMENT_TARGET = 17.5;
				LD_RUNPATH_SEARCH_PATHS = "@executable_path/Frameworks";
				"LD_RUNPATH_SEARCH_PATHS[sdk=macosx*]" = "@executable_path/../Frameworks";
				LIBRARY_SEARCH_PATHS = (
					"$(inherited)",
					"$(PROJECT_DIR)/target/debug",
					"$(PROJECT_DIR)/target/release",
				);
				"LIBRARY_SEARCH_PATHS[sdk=iphoneos*][arch=arm64]" = "$(PROJECT_DIR)/target/aarch64-apple-ios/debug";
				"LIBRARY_SEARCH_PATHS[sdk=iphonesimulator*][arch=arm64]" = "$(PROJECT_DIR)/target/aarch64-apple-ios-sim/debug";
				"LIBRARY_SEARCH_PATHS[sdk=iphonesimulator*][arch=x86_64]" = "$(PROJECT_DIR)/target/x86_64-apple-ios/debug";
				MACOSX_DEPLOYMENT_TARGET = 14.5;
				MARKETING_VERSION = 1.0;
				PRODUCT_BUNDLE_IDENTIFIER = io.cp3.Bleeple;
				PRODUCT_NAME = "$(TARGET_NAME)";
				SDKROOT = auto;
				SUPPORTED_PLATFORMS = "iphoneos iphonesimulator macosx";
				SWIFT_EMIT_LOC_STRINGS = YES;
				SWIFT_OBJC_BRIDGING_HEADER = "Bleeple/Bleeple-Bridging-Header.h";
				SWIFT_OPTIMIZATION_LEVEL = "-Onone";
				SWIFT_VERSION = 5.0;
				TARGETED_DEVICE_FAMILY = "1,2";
				buildvariant = debug;
			};
			name = Debug;
		};
		971102972C516E0500A649F3 /* Release */ = {
			isa = XCBuildConfiguration;
			buildSettings = {
				ASSETCATALOG_COMPILER_APPICON_NAME = AppIcon;
				ASSETCATALOG_COMPILER_GLOBAL_ACCENT_COLOR_NAME = AccentColor;
				CLANG_ENABLE_MODULES = YES;
				CODE_SIGN_ENTITLEMENTS = Bleeple/Bleeple.entitlements;
				CODE_SIGN_STYLE = Automatic;
				CURRENT_PROJECT_VERSION = 1;
				DEVELOPMENT_ASSET_PATHS = "\"Bleeple/Preview Content\"";
				DEVELOPMENT_TEAM = 5GWBH83EBX;
				ENABLE_HARDENED_RUNTIME = YES;
				ENABLE_PREVIEWS = YES;
				ENABLE_USER_SCRIPT_SANDBOXING = NO;
				GENERATE_INFOPLIST_FILE = YES;
				"INFOPLIST_KEY_UIApplicationSceneManifest_Generation[sdk=iphoneos*]" = YES;
				"INFOPLIST_KEY_UIApplicationSceneManifest_Generation[sdk=iphonesimulator*]" = YES;
				"INFOPLIST_KEY_UIApplicationSupportsIndirectInputEvents[sdk=iphoneos*]" = YES;
				"INFOPLIST_KEY_UIApplicationSupportsIndirectInputEvents[sdk=iphonesimulator*]" = YES;
				"INFOPLIST_KEY_UILaunchScreen_Generation[sdk=iphoneos*]" = YES;
				"INFOPLIST_KEY_UILaunchScreen_Generation[sdk=iphonesimulator*]" = YES;
				"INFOPLIST_KEY_UIStatusBarStyle[sdk=iphoneos*]" = UIStatusBarStyleDefault;
				"INFOPLIST_KEY_UIStatusBarStyle[sdk=iphonesimulator*]" = UIStatusBarStyleDefault;
				INFOPLIST_KEY_UISupportedInterfaceOrientations_iPad = "UIInterfaceOrientationPortrait UIInterfaceOrientationPortraitUpsideDown UIInterfaceOrientationLandscapeLeft UIInterfaceOrientationLandscapeRight";
				INFOPLIST_KEY_UISupportedInterfaceOrientations_iPhone = "UIInterfaceOrientationPortrait UIInterfaceOrientationLandscapeLeft UIInterfaceOrientationLandscapeRight";
				IPHONEOS_DEPLOYMENT_TARGET = 17.5;
				LD_RUNPATH_SEARCH_PATHS = "@executable_path/Frameworks";
				"LD_RUNPATH_SEARCH_PATHS[sdk=macosx*]" = "@executable_path/../Frameworks";
				LIBRARY_SEARCH_PATHS = (
					"$(PROJECT_DIR)/target/debug",
					"$(PROJECT_DIR)/target/release",
				);
				"LIBRARY_SEARCH_PATHS[sdk=iphoneos*][arch=arm64]" = "$(PROJECT_DIR)/target/aarch64-apple-ios/release";
				"LIBRARY_SEARCH_PATHS[sdk=iphonesimulator*][arch=arm64]" = "$(PROJECT_DIR)/target/aarch64-apple-ios-sim/release";
				"LIBRARY_SEARCH_PATHS[sdk=iphonesimulator*][arch=x86_64]" = "$(PROJECT_DIR)/target/x86_64-apple-ios/release";
				MACOSX_DEPLOYMENT_TARGET = 14.5;
				MARKETING_VERSION = 1.0;
				PRODUCT_BUNDLE_IDENTIFIER = io.cp3.Bleeple;
				PRODUCT_NAME = "$(TARGET_NAME)";
				SDKROOT = auto;
				SUPPORTED_PLATFORMS = "iphoneos iphonesimulator macosx";
				SWIFT_EMIT_LOC_STRINGS = YES;
				SWIFT_OBJC_BRIDGING_HEADER = "Bleeple/Bleeple-Bridging-Header.h";
				SWIFT_VERSION = 5.0;
				TARGETED_DEVICE_FAMILY = "1,2";
				buildvariant = release;
			};
			name = Release;
		};
		971102992C516E0500A649F3 /* Debug */ = {
			isa = XCBuildConfiguration;
			buildSettings = {
				ALWAYS_EMBED_SWIFT_STANDARD_LIBRARIES = YES;
				BUNDLE_LOADER = "$(TEST_HOST)";
				CODE_SIGN_STYLE = Automatic;
				CURRENT_PROJECT_VERSION = 1;
				DEVELOPMENT_TEAM = 5GWBH83EBX;
				GENERATE_INFOPLIST_FILE = YES;
				IPHONEOS_DEPLOYMENT_TARGET = 17.5;
				MACOSX_DEPLOYMENT_TARGET = 14.5;
				MARKETING_VERSION = 1.0;
				PRODUCT_BUNDLE_IDENTIFIER = io.cp3.BleepleTests;
				PRODUCT_NAME = "$(TARGET_NAME)";
				SDKROOT = auto;
				SUPPORTED_PLATFORMS = "iphoneos iphonesimulator macosx";
				SWIFT_EMIT_LOC_STRINGS = NO;
				SWIFT_VERSION = 5.0;
				TARGETED_DEVICE_FAMILY = "1,2";
				TEST_HOST = "$(BUILT_PRODUCTS_DIR)/Bleeple.app/$(BUNDLE_EXECUTABLE_FOLDER_PATH)/Bleeple";
			};
			name = Debug;
		};
		9711029A2C516E0500A649F3 /* Release */ = {
			isa = XCBuildConfiguration;
			buildSettings = {
				ALWAYS_EMBED_SWIFT_STANDARD_LIBRARIES = YES;
				BUNDLE_LOADER = "$(TEST_HOST)";
				CODE_SIGN_STYLE = Automatic;
				CURRENT_PROJECT_VERSION = 1;
				DEVELOPMENT_TEAM = 5GWBH83EBX;
				GENERATE_INFOPLIST_FILE = YES;
				IPHONEOS_DEPLOYMENT_TARGET = 17.5;
				MACOSX_DEPLOYMENT_TARGET = 14.5;
				MARKETING_VERSION = 1.0;
				PRODUCT_BUNDLE_IDENTIFIER = io.cp3.BleepleTests;
				PRODUCT_NAME = "$(TARGET_NAME)";
				SDKROOT = auto;
				SUPPORTED_PLATFORMS = "iphoneos iphonesimulator macosx";
				SWIFT_EMIT_LOC_STRINGS = NO;
				SWIFT_VERSION = 5.0;
				TARGETED_DEVICE_FAMILY = "1,2";
				TEST_HOST = "$(BUILT_PRODUCTS_DIR)/Bleeple.app/$(BUNDLE_EXECUTABLE_FOLDER_PATH)/Bleeple";
			};
			name = Release;
		};
/* End XCBuildConfiguration section */

/* Begin XCConfigurationList section */
		9711026B2C516E0300A649F3 /* Build configuration list for PBXProject "Bleeple" */ = {
			isa = XCConfigurationList;
			buildConfigurations = (
				971102932C516E0500A649F3 /* Debug */,
				971102942C516E0500A649F3 /* Release */,
			);
			defaultConfigurationIsVisible = 0;
			defaultConfigurationName = Release;
		};
		971102952C516E0500A649F3 /* Build configuration list for PBXNativeTarget "Bleeple" */ = {
			isa = XCConfigurationList;
			buildConfigurations = (
				971102962C516E0500A649F3 /* Debug */,
				971102972C516E0500A649F3 /* Release */,
			);
			defaultConfigurationIsVisible = 0;
			defaultConfigurationName = Release;
		};
		971102982C516E0500A649F3 /* Build configuration list for PBXNativeTarget "BleepleTests" */ = {
			isa = XCConfigurationList;
			buildConfigurations = (
				971102992C516E0500A649F3 /* Debug */,
				9711029A2C516E0500A649F3 /* Release */,
			);
			defaultConfigurationIsVisible = 0;
			defaultConfigurationName = Release;
		};
/* End XCConfigurationList section */

/* Begin XCRemoteSwiftPackageReference section */
		97C2BD352C738A7500EE05C8 /* XCRemoteSwiftPackageReference "CP3Music" */ = {
			isa = XCRemoteSwiftPackageReference;
			repositoryURL = "https://github.com/cornedriesprong/CP3Music";
			requirement = {
				branch = main;
				kind = branch;
			};
		};
/* End XCRemoteSwiftPackageReference section */

/* Begin XCSwiftPackageProductDependency section */
		97C2BD362C738A7500EE05C8 /* CP3Music */ = {
			isa = XCSwiftPackageProductDependency;
			package = 97C2BD352C738A7500EE05C8 /* XCRemoteSwiftPackageReference "CP3Music" */;
			productName = CP3Music;
		};
/* End XCSwiftPackageProductDependency section */
	};
	rootObject = 971102682C516E0300A649F3 /* Project object */;
}
